{
  "name": "mswjs-interceptors-bug-repro",
  "lockfileVersion": 2,
  "requires": true,
  "packages": {
    "": {
      "dependencies": {
        "@mswjs/interceptors": "^0.13.1"
      }
    },
    "node_modules/@mswjs/interceptors": {
      "version": "0.13.1",
      "resolved": "https://registry.npmjs.org/@mswjs/interceptors/-/interceptors-0.13.1.tgz",
      "integrity": "sha512-Er2RbhXqk2GV+VUhZSN1+0X1ajlDtWVija7THx/de5MVTMELhjcpKnCVTHQpi9XUvze0wjLHRQ2DHSAS6mrRgA==",
      "dependencies": {
        "@open-draft/until": "^1.0.3",
        "@xmldom/xmldom": "^0.7.5",
        "debug": "^4.3.3",
        "headers-utils": "^3.0.2",
        "outvariant": "^1.2.1",
        "strict-event-emitter": "^0.2.0"
      },
      "engines": {
        "node": ">=12.20.0"
      }
    },
    "node_modules/@open-draft/until": {
      "version": "1.0.3",
      "resolved": "https://registry.npmjs.org/@open-draft/until/-/until-1.0.3.tgz",
      "integrity": "sha512-Aq58f5HiWdyDlFffbbSjAlv596h/cOnt2DO1w3DOC7OJ5EHs0hd/nycJfiu9RJbT6Yk6F1knnRRXNSpxoIVZ9Q=="
    },
    "node_modules/@xmldom/xmldom": {
      "version": "0.7.5",
      "resolved": "https://registry.npmjs.org/@xmldom/xmldom/-/xmldom-0.7.5.tgz",
      "integrity": "sha512-V3BIhmY36fXZ1OtVcI9W+FxQqxVLsPKcNjWigIaa81dLC9IolJl5Mt4Cvhmr0flUnjSpTdrbMTSbXqYqV5dT6A==",
      "engines": {
        "node": ">=10.0.0"
      }
    },
    "node_modules/debug": {
      "version": "4.3.3",
      "resolved": "https://registry.npmjs.org/debug/-/debug-4.3.3.tgz",
      "integrity": "sha512-/zxw5+vh1Tfv+4Qn7a5nsbcJKPaSvCDhojn6FEl9vupwK2VCSDtEiEtqr8DFtzYFOdz63LBkxec7DYuc2jon6Q==",
      "dependencies": {
        "ms": "2.1.2"
      },
      "engines": {
        "node": ">=6.0"
      },
      "peerDependenciesMeta": {
        "supports-color": {
          "optional": true
        }
      }
    },
    "node_modules/events": {
      "version": "3.3.0",
      "resolved": "https://registry.npmjs.org/events/-/events-3.3.0.tgz",
      "integrity": "sha512-mQw+2fkQbALzQ7V0MY0IqdnXNOeTtP4r0lN9z7AAawCXgqea7bDii20AYrIBrFd/Hx0M2Ocz6S111CaFkUcb0Q==",
      "engines": {
        "node": ">=0.8.x"
      }
    },
    "node_modules/headers-utils": {
      "version": "3.0.2",
      "resolved": "https://registry.npmjs.org/headers-utils/-/headers-utils-3.0.2.tgz",
      "integrity": "sha512-xAxZkM1dRyGV2Ou5bzMxBPNLoRCjcX+ya7KSWybQD2KwLphxsapUVK6x/02o7f4VU6GPSXch9vNY2+gkU8tYWQ=="
    },
    "node_modules/ms": {
      "version": "2.1.2",
      "resolved": "https://registry.npmjs.org/ms/-/ms-2.1.2.tgz",
      "integrity": "sha512-sGkPx+VjMtmA6MX27oA4FBFELFCZZ4S4XqeGOXCv68tT+jb3vk/RyaKWP0PTKyWtmLSM0b+adUTEvbs1PEaH2w=="
    },
    "node_modules/outvariant": {
      "version": "1.2.1",
      "resolved": "https://registry.npmjs.org/outvariant/-/outvariant-1.2.1.tgz",
      "integrity": "sha512-bcILvFkvpMXh66+Ubax/inxbKRyWTUiiFIW2DWkiS79wakrLGn3Ydy+GvukadiyfZjaL6C7YhIem4EZSM282wA=="
    },
    "node_modules/strict-event-emitter": {
      "version": "0.2.0",
      "resolved": "https://registry.npmjs.org/strict-event-emitter/-/strict-event-emitter-0.2.0.tgz",
      "integrity": "sha512-zv7K2egoKwkQkZGEaH8m+i2D0XiKzx5jNsiSul6ja2IYFvil10A59Z9Y7PPAAe5OW53dQUf9CfsHKzjZzKkm1w==",
      "dependencies": {
        "events": "^3.3.0"
      }
    }
  },
  "dependencies": {
    "@mswjs/interceptors": {
      "version": "0.13.1",
      "resolved": "https://registry.npmjs.org/@mswjs/interceptors/-/interceptors-0.13.1.tgz",
      "integrity": "sha512-Er2RbhXqk2GV+VUhZSN1+0X1ajlDtWVija7THx/de5MVTMELhjcpKnCVTHQpi9XUvze0wjLHRQ2DHSAS6mrRgA==",
      "requires": {
        "@open-draft/until": "^1.0.3",
        "@xmldom/xmldom": "^0.7.5",
        "debug": "^4.3.3",
        "headers-utils": "^3.0.2",
        "outvariant": "^1.2.1",
        "strict-event-emitter": "^0.2.0"
      }
    },
    "@open-draft/until": {
      "version": "1.0.3",
      "resolved": "https://registry.npmjs.org/@open-draft/until/-/until-1.0.3.tgz",
      "integrity": "sha512-Aq58f5HiWdyDlFffbbSjAlv596h/cOnt2DO1w3DOC7OJ5EHs0hd/nycJfiu9RJbT6Yk6F1knnRRXNSpxoIVZ9Q=="
    },
    "@xmldom/xmldom": {
      "version": "0.7.5",
      "resolved": "https://registry.npmjs.org/@xmldom/xmldom/-/xmldom-0.7.5.tgz",
      "integrity": "sha512-V3BIhmY36fXZ1OtVcI9W+FxQqxVLsPKcNjWigIaa81dLC9IolJl5Mt4Cvhmr0flUnjSpTdrbMTSbXqYqV5dT6A=="
    },
    "debug": {
      "version": "4.3.3",
      "resolved": "https://registry.npmjs.org/debug/-/debug-4.3.3.tgz",
      "integrity": "sha512-/zxw5+vh1Tfv+4Qn7a5nsbcJKPaSvCDhojn6FEl9vupwK2VCSDtEiEtqr8DFtzYFOdz63LBkxec7DYuc2jon6Q==",
      "requires": {
        "ms": "2.1.2"
      }
    },
    "events": {
      "version": "3.3.0",
      "resolved": "https://registry.npmjs.org/events/-/events-3.3.0.tgz",
      "integrity": "sha512-mQw+2fkQbALzQ7V0MY0IqdnXNOeTtP4r0lN9z7AAawCXgqea7bDii20AYrIBrFd/Hx0M2Ocz6S111CaFkUcb0Q=="
    },
    "headers-utils": {
      "version": "3.0.2",
      "resolved": "https://registry.npmjs.org/headers-utils/-/headers-utils-3.0.2.tgz",
      "integrity": "sha512-xAxZkM1dRyGV2Ou5bzMxBPNLoRCjcX+ya7KSWybQD2KwLphxsapUVK6x/02o7f4VU6GPSXch9vNY2+gkU8tYWQ=="
    },
    "ms": {
      "version": "2.1.2",
      "resolved": "https://registry.npmjs.org/ms/-/ms-2.1.2.tgz",
      "integrity": "sha512-sGkPx+VjMtmA6MX27oA4FBFELFCZZ4S4XqeGOXCv68tT+jb3vk/RyaKWP0PTKyWtmLSM0b+adUTEvbs1PEaH2w=="
    },
    "outvariant": {
      "version": "1.2.1",
      "resolved": "https://registry.npmjs.org/outvariant/-/outvariant-1.2.1.tgz",
      "integrity": "sha512-bcILvFkvpMXh66+Ubax/inxbKRyWTUiiFIW2DWkiS79wakrLGn3Ydy+GvukadiyfZjaL6C7YhIem4EZSM282wA=="
    },
    "strict-event-emitter": {
      "version": "0.2.0",
      "resolved": "https://registry.npmjs.org/strict-event-emitter/-/strict-event-emitter-0.2.0.tgz",
      "integrity": "sha512-zv7K2egoKwkQkZGEaH8m+i2D0XiKzx5jNsiSul6ja2IYFvil10A59Z9Y7PPAAe5OW53dQUf9CfsHKzjZzKkm1w==",
      "requires": {
        "events": "^3.3.0"
      }
    }
  }
}
